// !$*UTF8*$!
{
	archiveVersion = 1;
	classes = {
	};
	objectVersion = 46;
	objects = {

/* Begin PBXBuildFile section */
		4E7986EB1D271F1F003418A5 /* Agu_Aguascalientes.jpg in Resources */ = {isa = PBXBuildFile; fileRef = 4E7986CE1D271F1F003418A5 /* Agu_Aguascalientes.jpg */; };
		4E7986EC1D271F1F003418A5 /* Agu_Asientos.jpg in Resources */ = {isa = PBXBuildFile; fileRef = 4E7986CF1D271F1F003418A5 /* Agu_Asientos.jpg */; };
		4E7986ED1D271F1F003418A5 /* Agu_Calvillo.jpg in Resources */ = {isa = PBXBuildFile; fileRef = 4E7986D01D271F1F003418A5 /* Agu_Calvillo.jpg */; };
		4E7986EE1D271F1F003418A5 /* Agu_Cosio.jpg in Resources */ = {isa = PBXBuildFile; fileRef = 4E7986D11D271F1F003418A5 /* Agu_Cosio.jpg */; };
		4E7986EF1D271F1F003418A5 /* Agu_ElLlano.jpg in Resources */ = {isa = PBXBuildFile; fileRef = 4E7986D21D271F1F003418A5 /* Agu_ElLlano.jpg */; };
		4E7986F01D271F1F003418A5 /* Chi_Chihuahua.jpg in Resources */ = {isa = PBXBuildFile; fileRef = 4E7986D31D271F1F003418A5 /* Chi_Chihuahua.jpg */; };
		4E7986F11D271F1F003418A5 /* Chi_Chinipas.jpg in Resources */ = {isa = PBXBuildFile; fileRef = 4E7986D41D271F1F003418A5 /* Chi_Chinipas.jpg */; };
		4E7986F21D271F1F003418A5 /* Chi_Delicias.jpg in Resources */ = {isa = PBXBuildFile; fileRef = 4E7986D51D271F1F003418A5 /* Chi_Delicias.jpg */; };
		4E7986F31D271F1F003418A5 /* Chi_Galeana.jpg in Resources */ = {isa = PBXBuildFile; fileRef = 4E7986D61D271F1F003418A5 /* Chi_Galeana.jpg */; };
		4E7986F41D271F1F003418A5 /* Chi_SantaIsabel.jpg in Resources */ = {isa = PBXBuildFile; fileRef = 4E7986D71D271F1F003418A5 /* Chi_SantaIsabel.jpg */; };
		4E7986F51D271F1F003418A5 /* Chihuahua.jpg in Resources */ = {isa = PBXBuildFile; fileRef = 4E7986D81D271F1F003418A5 /* Chihuahua.jpg */; };
		4E7986F61D271F1F003418A5 /* Pue_Acajete.jpg in Resources */ = {isa = PBXBuildFile; fileRef = 4E7986D91D271F1F003418A5 /* Pue_Acajete.jpg */; };
		4E7986F71D271F1F003418A5 /* Pue_Ocotepec.jpg in Resources */ = {isa = PBXBuildFile; fileRef = 4E7986DA1D271F1F003418A5 /* Pue_Ocotepec.jpg */; };
		4E7986F81D271F1F003418A5 /* Pue_Puebla.jpg in Resources */ = {isa = PBXBuildFile; fileRef = 4E7986DB1D271F1F003418A5 /* Pue_Puebla.jpg */; };
		4E7986F91D271F1F003418A5 /* Pue_Tlahuapan.jpg in Resources */ = {isa = PBXBuildFile; fileRef = 4E7986DC1D271F1F003418A5 /* Pue_Tlahuapan.jpg */; };
		4E7986FA1D271F1F003418A5 /* Pue_Zacatlan.jpg in Resources */ = {isa = PBXBuildFile; fileRef = 4E7986DD1D271F1F003418A5 /* Pue_Zacatlan.jpg */; };
		4E7986FB1D271F1F003418A5 /* Puebla.jpg in Resources */ = {isa = PBXBuildFile; fileRef = 4E7986DE1D271F1F003418A5 /* Puebla.jpg */; };
		4E7986FC1D271F1F003418A5 /* Sina_Angostura.jpg in Resources */ = {isa = PBXBuildFile; fileRef = 4E7986DF1D271F1F003418A5 /* Sina_Angostura.jpg */; };
		4E7986FD1D271F1F003418A5 /* Sina_Concordia.jpg in Resources */ = {isa = PBXBuildFile; fileRef = 4E7986E01D271F1F003418A5 /* Sina_Concordia.jpg */; };
		4E7986FE1D271F1F003418A5 /* Sina_Culiacan.jpg in Resources */ = {isa = PBXBuildFile; fileRef = 4E7986E11D271F1F003418A5 /* Sina_Culiacan.jpg */; };
		4E7986FF1D271F1F003418A5 /* Sina_Mazatlan.jpg in Resources */ = {isa = PBXBuildFile; fileRef = 4E7986E21D271F1F003418A5 /* Sina_Mazatlan.jpg */; };
		4E7987001D271F1F003418A5 /* Sina_Sinaloa.jpg in Resources */ = {isa = PBXBuildFile; fileRef = 4E7986E31D271F1F003418A5 /* Sina_Sinaloa.jpg */; };
		4E7987011D271F1F003418A5 /* Sinaloa.jpg in Resources */ = {isa = PBXBuildFile; fileRef = 4E7986E41D271F1F003418A5 /* Sinaloa.jpg */; };
		4E7987021D271F1F003418A5 /* Zaca_Fresnillo.jpg in Resources */ = {isa = PBXBuildFile; fileRef = 4E7986E51D271F1F003418A5 /* Zaca_Fresnillo.jpg */; };
		4E7987031D271F1F003418A5 /* Zaca_Guadalupe.jpg in Resources */ = {isa = PBXBuildFile; fileRef = 4E7986E61D271F1F003418A5 /* Zaca_Guadalupe.jpg */; };
		4E7987041D271F1F003418A5 /* Zaca_Trancoso.jpg in Resources */ = {isa = PBXBuildFile; fileRef = 4E7986E71D271F1F003418A5 /* Zaca_Trancoso.jpg */; };
		4E7987051D271F1F003418A5 /* Zaca_VillaHidalgo.jpg in Resources */ = {isa = PBXBuildFile; fileRef = 4E7986E81D271F1F003418A5 /* Zaca_VillaHidalgo.jpg */; };
		4E7987061D271F1F003418A5 /* Zaca_Zacatecas.jpg in Resources */ = {isa = PBXBuildFile; fileRef = 4E7986E91D271F1F003418A5 /* Zaca_Zacatecas.jpg */; };
		4E7987071D271F1F003418A5 /* Zacatecas.jpg in Resources */ = {isa = PBXBuildFile; fileRef = 4E7986EA1D271F1F003418A5 /* Zacatecas.jpg */; };
		4E87E7B31D768F4B002FBF0E /* CeraSelladores.jpg in Resources */ = {isa = PBXBuildFile; fileRef = 4E87E7AF1D768F4B002FBF0E /* CeraSelladores.jpg */; };
		4E87E7B41D768F4B002FBF0E /* LavadoEncerado.jpg in Resources */ = {isa = PBXBuildFile; fileRef = 4E87E7B01D768F4B002FBF0E /* LavadoEncerado.jpg */; };
		4E87E7B51D768F4B002FBF0E /* Pulido.jpg in Resources */ = {isa = PBXBuildFile; fileRef = 4E87E7B11D768F4B002FBF0E /* Pulido.jpg */; };
		4E87E7B61D768F4B002FBF0E /* RinesMotor.jpg in Resources */ = {isa = PBXBuildFile; fileRef = 4E87E7B21D768F4B002FBF0E /* RinesMotor.jpg */; };
		4E87E7B81D768FFD002FBF0E /* Accesorios.jpg in Resources */ = {isa = PBXBuildFile; fileRef = 4E87E7B71D768FFD002FBF0E /* Accesorios.jpg */; };
		4E87E7BB1D7698B0002FBF0E /* MeguiarsNXT.jpg in Resources */ = {isa = PBXBuildFile; fileRef = 4E87E7B91D7698B0002FBF0E /* MeguiarsNXT.jpg */; };
		4E87E7BC1D7698B0002FBF0E /* OptimumWashWax.jpg in Resources */ = {isa = PBXBuildFile; fileRef = 4E87E7BA1D7698B0002FBF0E /* OptimumWashWax.jpg */; };
		8E4B02461D206A610050D50B /* cellHome.m in Sources */ = {isa = PBXBuildFile; fileRef = 8E4B02441D206A610050D50B /* cellHome.m */; };
		8E4B02471D206A610050D50B /* cellHome.xib in Resources */ = {isa = PBXBuildFile; fileRef = 8E4B02451D206A610050D50B /* cellHome.xib */; };
		8E4B02671D2080B10050D50B /* Aguascalientes.jpg in Resources */ = {isa = PBXBuildFile; fileRef = 8E4B02491D2080B10050D50B /* Aguascalientes.jpg */; };
		8E4B02871D208C450050D50B /* StateMunicipality.m in Sources */ = {isa = PBXBuildFile; fileRef = 8E4B02861D208C450050D50B /* StateMunicipality.m */; };
		8E4B028B1D2095DD0050D50B /* cellMunicipality.m in Sources */ = {isa = PBXBuildFile; fileRef = 8E4B02891D2095DD0050D50B /* cellMunicipality.m */; };
		8E4B028C1D2095DD0050D50B /* cellMunicipality.xib in Resources */ = {isa = PBXBuildFile; fileRef = 8E4B028A1D2095DD0050D50B /* cellMunicipality.xib */; };
		8E4B028F1D20B8E00050D50B /* MunicipalityDetails.m in Sources */ = {isa = PBXBuildFile; fileRef = 8E4B028E1D20B8E00050D50B /* MunicipalityDetails.m */; };
		8ED9AA2C1D205F7900ADE34F /* main.m in Sources */ = {isa = PBXBuildFile; fileRef = 8ED9AA2B1D205F7900ADE34F /* main.m */; };
		8ED9AA2F1D205F7900ADE34F /* AppDelegate.m in Sources */ = {isa = PBXBuildFile; fileRef = 8ED9AA2E1D205F7900ADE34F /* AppDelegate.m */; };
		8ED9AA321D205F7900ADE34F /* Home.m in Sources */ = {isa = PBXBuildFile; fileRef = 8ED9AA311D205F7900ADE34F /* Home.m */; };
		8ED9AA351D205F7900ADE34F /* Main.storyboard in Resources */ = {isa = PBXBuildFile; fileRef = 8ED9AA331D205F7900ADE34F /* Main.storyboard */; };
		8ED9AA381D205F7900ADE34F /* Lab05.xcdatamodeld in Sources */ = {isa = PBXBuildFile; fileRef = 8ED9AA361D205F7900ADE34F /* Lab05.xcdatamodeld */; };
		8ED9AA3A1D205F7900ADE34F /* Assets.xcassets in Resources */ = {isa = PBXBuildFile; fileRef = 8ED9AA391D205F7900ADE34F /* Assets.xcassets */; };
		8ED9AA3D1D205F7900ADE34F /* LaunchScreen.storyboard in Resources */ = {isa = PBXBuildFile; fileRef = 8ED9AA3B1D205F7900ADE34F /* LaunchScreen.storyboard */; };
/* End PBXBuildFile section */

/* Begin PBXFileReference section */
		4E7986CE1D271F1F003418A5 /* Agu_Aguascalientes.jpg */ = {isa = PBXFileReference; lastKnownFileType = image.jpeg; path = Agu_Aguascalientes.jpg; sourceTree = "<group>"; };
		4E7986CF1D271F1F003418A5 /* Agu_Asientos.jpg */ = {isa = PBXFileReference; lastKnownFileType = image.jpeg; path = Agu_Asientos.jpg; sourceTree = "<group>"; };
		4E7986D01D271F1F003418A5 /* Agu_Calvillo.jpg */ = {isa = PBXFileReference; lastKnownFileType = image.jpeg; path = Agu_Calvillo.jpg; sourceTree = "<group>"; };
		4E7986D11D271F1F003418A5 /* Agu_Cosio.jpg */ = {isa = PBXFileReference; lastKnownFileType = image.jpeg; path = Agu_Cosio.jpg; sourceTree = "<group>"; };
		4E7986D21D271F1F003418A5 /* Agu_ElLlano.jpg */ = {isa = PBXFileReference; lastKnownFileType = image.jpeg; path = Agu_ElLlano.jpg; sourceTree = "<group>"; };
		4E7986D31D271F1F003418A5 /* Chi_Chihuahua.jpg */ = {isa = PBXFileReference; lastKnownFileType = image.jpeg; path = Chi_Chihuahua.jpg; sourceTree = "<group>"; };
		4E7986D41D271F1F003418A5 /* Chi_Chinipas.jpg */ = {isa = PBXFileReference; lastKnownFileType = image.jpeg; path = Chi_Chinipas.jpg; sourceTree = "<group>"; };
		4E7986D51D271F1F003418A5 /* Chi_Delicias.jpg */ = {isa = PBXFileReference; lastKnownFileType = image.jpeg; path = Chi_Delicias.jpg; sourceTree = "<group>"; };
		4E7986D61D271F1F003418A5 /* Chi_Galeana.jpg */ = {isa = PBXFileReference; lastKnownFileType = image.jpeg; path = Chi_Galeana.jpg; sourceTree = "<group>"; };
		4E7986D71D271F1F003418A5 /* Chi_SantaIsabel.jpg */ = {isa = PBXFileReference; lastKnownFileType = image.jpeg; path = Chi_SantaIsabel.jpg; sourceTree = "<group>"; };
		4E7986D81D271F1F003418A5 /* Chihuahua.jpg */ = {isa = PBXFileReference; lastKnownFileType = image.jpeg; path = Chihuahua.jpg; sourceTree = "<group>"; };
		4E7986D91D271F1F003418A5 /* Pue_Acajete.jpg */ = {isa = PBXFileReference; lastKnownFileType = image.jpeg; path = Pue_Acajete.jpg; sourceTree = "<group>"; };
		4E7986DA1D271F1F003418A5 /* Pue_Ocotepec.jpg */ = {isa = PBXFileReference; lastKnownFileType = image.jpeg; path = Pue_Ocotepec.jpg; sourceTree = "<group>"; };
		4E7986DB1D271F1F003418A5 /* Pue_Puebla.jpg */ = {isa = PBXFileReference; lastKnownFileType = image.jpeg; path = Pue_Puebla.jpg; sourceTree = "<group>"; };
		4E7986DC1D271F1F003418A5 /* Pue_Tlahuapan.jpg */ = {isa = PBXFileReference; lastKnownFileType = image.jpeg; path = Pue_Tlahuapan.jpg; sourceTree = "<group>"; };
		4E7986DD1D271F1F003418A5 /* Pue_Zacatlan.jpg */ = {isa = PBXFileReference; lastKnownFileType = image.jpeg; path = Pue_Zacatlan.jpg; sourceTree = "<group>"; };
		4E7986DE1D271F1F003418A5 /* Puebla.jpg */ = {isa = PBXFileReference; lastKnownFileType = image.jpeg; path = Puebla.jpg; sourceTree = "<group>"; };
		4E7986DF1D271F1F003418A5 /* Sina_Angostura.jpg */ = {isa = PBXFileReference; lastKnownFileType = image.jpeg; path = Sina_Angostura.jpg; sourceTree = "<group>"; };
		4E7986E01D271F1F003418A5 /* Sina_Concordia.jpg */ = {isa = PBXFileReference; lastKnownFileType = image.jpeg; path = Sina_Concordia.jpg; sourceTree = "<group>"; };
		4E7986E11D271F1F003418A5 /* Sina_Culiacan.jpg */ = {isa = PBXFileReference; lastKnownFileType = image.jpeg; path = Sina_Culiacan.jpg; sourceTree = "<group>"; };
		4E7986E21D271F1F003418A5 /* Sina_Mazatlan.jpg */ = {isa = PBXFileReference; lastKnownFileType = image.jpeg; path = Sina_Mazatlan.jpg; sourceTree = "<group>"; };
		4E7986E31D271F1F003418A5 /* Sina_Sinaloa.jpg */ = {isa = PBXFileReference; lastKnownFileType = image.jpeg; path = Sina_Sinaloa.jpg; sourceTree = "<group>"; };
		4E7986E41D271F1F003418A5 /* Sinaloa.jpg */ = {isa = PBXFileReference; lastKnownFileType = image.jpeg; path = Sinaloa.jpg; sourceTree = "<group>"; };
		4E7986E51D271F1F003418A5 /* Zaca_Fresnillo.jpg */ = {isa = PBXFileReference; lastKnownFileType = image.jpeg; path = Zaca_Fresnillo.jpg; sourceTree = "<group>"; };
		4E7986E61D271F1F003418A5 /* Zaca_Guadalupe.jpg */ = {isa = PBXFileReference; lastKnownFileType = image.jpeg; path = Zaca_Guadalupe.jpg; sourceTree = "<group>"; };
		4E7986E71D271F1F003418A5 /* Zaca_Trancoso.jpg */ = {isa = PBXFileReference; lastKnownFileType = image.jpeg; path = Zaca_Trancoso.jpg; sourceTree = "<group>"; };
		4E7986E81D271F1F003418A5 /* Zaca_VillaHidalgo.jpg */ = {isa = PBXFileReference; lastKnownFileType = image.jpeg; path = Zaca_VillaHidalgo.jpg; sourceTree = "<group>"; };
		4E7986E91D271F1F003418A5 /* Zaca_Zacatecas.jpg */ = {isa = PBXFileReference; lastKnownFileType = image.jpeg; path = Zaca_Zacatecas.jpg; sourceTree = "<group>"; };
		4E7986EA1D271F1F003418A5 /* Zacatecas.jpg */ = {isa = PBXFileReference; lastKnownFileType = image.jpeg; path = Zacatecas.jpg; sourceTree = "<group>"; };
		4E87E7AF1D768F4B002FBF0E /* CeraSelladores.jpg */ = {isa = PBXFileReference; lastKnownFileType = image.jpeg; path = CeraSelladores.jpg; sourceTree = "<group>"; };
		4E87E7B01D768F4B002FBF0E /* LavadoEncerado.jpg */ = {isa = PBXFileReference; lastKnownFileType = image.jpeg; path = LavadoEncerado.jpg; sourceTree = "<group>"; };
		4E87E7B11D768F4B002FBF0E /* Pulido.jpg */ = {isa = PBXFileReference; lastKnownFileType = image.jpeg; path = Pulido.jpg; sourceTree = "<group>"; };
		4E87E7B21D768F4B002FBF0E /* RinesMotor.jpg */ = {isa = PBXFileReference; lastKnownFileType = image.jpeg; path = RinesMotor.jpg; sourceTree = "<group>"; };
		4E87E7B71D768FFD002FBF0E /* Accesorios.jpg */ = {isa = PBXFileReference; lastKnownFileType = image.jpeg; path = Accesorios.jpg; sourceTree = "<group>"; };
		4E87E7B91D7698B0002FBF0E /* MeguiarsNXT.jpg */ = {isa = PBXFileReference; lastKnownFileType = image.jpeg; path = MeguiarsNXT.jpg; sourceTree = "<group>"; };
		4E87E7BA1D7698B0002FBF0E /* OptimumWashWax.jpg */ = {isa = PBXFileReference; lastKnownFileType = image.jpeg; path = OptimumWashWax.jpg; sourceTree = "<group>"; };
		8E4B02431D206A610050D50B /* cellHome.h */ = {isa = PBXFileReference; fileEncoding = 4; lastKnownFileType = sourcecode.c.h; path = cellHome.h; sourceTree = "<group>"; };
		8E4B02441D206A610050D50B /* cellHome.m */ = {isa = PBXFileReference; fileEncoding = 4; lastKnownFileType = sourcecode.c.objc; path = cellHome.m; sourceTree = "<group>"; };
		8E4B02451D206A610050D50B /* cellHome.xib */ = {isa = PBXFileReference; fileEncoding = 4; lastKnownFileType = file.xib; path = cellHome.xib; sourceTree = "<group>"; };
		8E4B02491D2080B10050D50B /* Aguascalientes.jpg */ = {isa = PBXFileReference; lastKnownFileType = image.jpeg; path = Aguascalientes.jpg; sourceTree = "<group>"; };
		8E4B02851D208C450050D50B /* StateMunicipality.h */ = {isa = PBXFileReference; fileEncoding = 4; lastKnownFileType = sourcecode.c.h; path = StateMunicipality.h; sourceTree = "<group>"; };
		8E4B02861D208C450050D50B /* StateMunicipality.m */ = {isa = PBXFileReference; fileEncoding = 4; lastKnownFileType = sourcecode.c.objc; path = StateMunicipality.m; sourceTree = "<group>"; };
		8E4B02881D2095DD0050D50B /* cellMunicipality.h */ = {isa = PBXFileReference; fileEncoding = 4; lastKnownFileType = sourcecode.c.h; path = cellMunicipality.h; sourceTree = "<group>"; };
		8E4B02891D2095DD0050D50B /* cellMunicipality.m */ = {isa = PBXFileReference; fileEncoding = 4; lastKnownFileType = sourcecode.c.objc; path = cellMunicipality.m; sourceTree = "<group>"; };
		8E4B028A1D2095DD0050D50B /* cellMunicipality.xib */ = {isa = PBXFileReference; fileEncoding = 4; lastKnownFileType = file.xib; path = cellMunicipality.xib; sourceTree = "<group>"; };
		8E4B028D1D20B8E00050D50B /* MunicipalityDetails.h */ = {isa = PBXFileReference; fileEncoding = 4; lastKnownFileType = sourcecode.c.h; path = MunicipalityDetails.h; sourceTree = "<group>"; };
		8E4B028E1D20B8E00050D50B /* MunicipalityDetails.m */ = {isa = PBXFileReference; fileEncoding = 4; lastKnownFileType = sourcecode.c.objc; path = MunicipalityDetails.m; sourceTree = "<group>"; };
		8ED9AA271D205F7900ADE34F /* Lab05.app */ = {isa = PBXFileReference; explicitFileType = wrapper.application; includeInIndex = 0; path = Lab05.app; sourceTree = BUILT_PRODUCTS_DIR; };
		8ED9AA2B1D205F7900ADE34F /* main.m */ = {isa = PBXFileReference; lastKnownFileType = sourcecode.c.objc; path = main.m; sourceTree = "<group>"; };
		8ED9AA2D1D205F7900ADE34F /* AppDelegate.h */ = {isa = PBXFileReference; lastKnownFileType = sourcecode.c.h; path = AppDelegate.h; sourceTree = "<group>"; };
		8ED9AA2E1D205F7900ADE34F /* AppDelegate.m */ = {isa = PBXFileReference; lastKnownFileType = sourcecode.c.objc; path = AppDelegate.m; sourceTree = "<group>"; };
		8ED9AA301D205F7900ADE34F /* Home.h */ = {isa = PBXFileReference; lastKnownFileType = sourcecode.c.h; path = Home.h; sourceTree = "<group>"; };
		8ED9AA311D205F7900ADE34F /* Home.m */ = {isa = PBXFileReference; lastKnownFileType = sourcecode.c.objc; path = Home.m; sourceTree = "<group>"; };
		8ED9AA341D205F7900ADE34F /* Base */ = {isa = PBXFileReference; lastKnownFileType = file.storyboard; name = Base; path = Base.lproj/Main.storyboard; sourceTree = "<group>"; };
		8ED9AA371D205F7900ADE34F /* Lab05.xcdatamodel */ = {isa = PBXFileReference; lastKnownFileType = wrapper.xcdatamodel; path = Lab05.xcdatamodel; sourceTree = "<group>"; };
		8ED9AA391D205F7900ADE34F /* Assets.xcassets */ = {isa = PBXFileReference; lastKnownFileType = folder.assetcatalog; path = Assets.xcassets; sourceTree = "<group>"; };
		8ED9AA3C1D205F7900ADE34F /* Base */ = {isa = PBXFileReference; lastKnownFileType = file.storyboard; name = Base; path = Base.lproj/LaunchScreen.storyboard; sourceTree = "<group>"; };
		8ED9AA3E1D205F7900ADE34F /* Info.plist */ = {isa = PBXFileReference; lastKnownFileType = text.plist.xml; path = Info.plist; sourceTree = "<group>"; };
/* End PBXFileReference section */

/* Begin PBXFrameworksBuildPhase section */
		8ED9AA241D205F7900ADE34F /* Frameworks */ = {
			isa = PBXFrameworksBuildPhase;
			buildActionMask = 2147483647;
			files = (
			);
			runOnlyForDeploymentPostprocessing = 0;
		};
/* End PBXFrameworksBuildPhase section */

/* Begin PBXGroup section */
		8E4B02401D2064D90050D50B /* Controllers */ = {
			isa = PBXGroup;
			children = (
				8ED9AA301D205F7900ADE34F /* Home.h */,
				8ED9AA311D205F7900ADE34F /* Home.m */,
				8E4B02851D208C450050D50B /* StateMunicipality.h */,
				8E4B02861D208C450050D50B /* StateMunicipality.m */,
				8E4B028D1D20B8E00050D50B /* MunicipalityDetails.h */,
				8E4B028E1D20B8E00050D50B /* MunicipalityDetails.m */,
			);
			name = Controllers;
			sourceTree = "<group>";
		};
		8E4B02411D2064E10050D50B /* Main */ = {
			isa = PBXGroup;
			children = (
				8ED9AA2D1D205F7900ADE34F /* AppDelegate.h */,
				8ED9AA2E1D205F7900ADE34F /* AppDelegate.m */,
			);
			name = Main;
			sourceTree = "<group>";
		};
		8E4B02421D206A270050D50B /* Cells */ = {
			isa = PBXGroup;
			children = (
				8E4B02431D206A610050D50B /* cellHome.h */,
				8E4B02441D206A610050D50B /* cellHome.m */,
				8E4B02451D206A610050D50B /* cellHome.xib */,
				8E4B02881D2095DD0050D50B /* cellMunicipality.h */,
				8E4B02891D2095DD0050D50B /* cellMunicipality.m */,
				8E4B028A1D2095DD0050D50B /* cellMunicipality.xib */,
			);
			name = Cells;
			sourceTree = "<group>";
		};
		8E4B02481D2080B10050D50B /* img */ = {
			isa = PBXGroup;
			children = (
				4E87E7B91D7698B0002FBF0E /* MeguiarsNXT.jpg */,
				4E87E7BA1D7698B0002FBF0E /* OptimumWashWax.jpg */,
				4E87E7B71D768FFD002FBF0E /* Accesorios.jpg */,
				4E87E7AF1D768F4B002FBF0E /* CeraSelladores.jpg */,
				4E87E7B01D768F4B002FBF0E /* LavadoEncerado.jpg */,
				4E87E7B11D768F4B002FBF0E /* Pulido.jpg */,
				4E87E7B21D768F4B002FBF0E /* RinesMotor.jpg */,
				4E7986CE1D271F1F003418A5 /* Agu_Aguascalientes.jpg */,
				4E7986CF1D271F1F003418A5 /* Agu_Asientos.jpg */,
				4E7986D01D271F1F003418A5 /* Agu_Calvillo.jpg */,
				4E7986D11D271F1F003418A5 /* Agu_Cosio.jpg */,
				4E7986D21D271F1F003418A5 /* Agu_ElLlano.jpg */,
				4E7986D31D271F1F003418A5 /* Chi_Chihuahua.jpg */,
				4E7986D41D271F1F003418A5 /* Chi_Chinipas.jpg */,
				4E7986D51D271F1F003418A5 /* Chi_Delicias.jpg */,
				4E7986D61D271F1F003418A5 /* Chi_Galeana.jpg */,
				4E7986D71D271F1F003418A5 /* Chi_SantaIsabel.jpg */,
				4E7986D81D271F1F003418A5 /* Chihuahua.jpg */,
				4E7986D91D271F1F003418A5 /* Pue_Acajete.jpg */,
				4E7986DA1D271F1F003418A5 /* Pue_Ocotepec.jpg */,
				4E7986DB1D271F1F003418A5 /* Pue_Puebla.jpg */,
				4E7986DC1D271F1F003418A5 /* Pue_Tlahuapan.jpg */,
				4E7986DD1D271F1F003418A5 /* Pue_Zacatlan.jpg */,
				4E7986DE1D271F1F003418A5 /* Puebla.jpg */,
				4E7986DF1D271F1F003418A5 /* Sina_Angostura.jpg */,
				4E7986E01D271F1F003418A5 /* Sina_Concordia.jpg */,
				4E7986E11D271F1F003418A5 /* Sina_Culiacan.jpg */,
				4E7986E21D271F1F003418A5 /* Sina_Mazatlan.jpg */,
				4E7986E31D271F1F003418A5 /* Sina_Sinaloa.jpg */,
				4E7986E41D271F1F003418A5 /* Sinaloa.jpg */,
				4E7986E51D271F1F003418A5 /* Zaca_Fresnillo.jpg */,
				4E7986E61D271F1F003418A5 /* Zaca_Guadalupe.jpg */,
				4E7986E71D271F1F003418A5 /* Zaca_Trancoso.jpg */,
				4E7986E81D271F1F003418A5 /* Zaca_VillaHidalgo.jpg */,
				4E7986E91D271F1F003418A5 /* Zaca_Zacatecas.jpg */,
				4E7986EA1D271F1F003418A5 /* Zacatecas.jpg */,
				8E4B02491D2080B10050D50B /* Aguascalientes.jpg */,
			);
			path = img;
			sourceTree = "<group>";
		};
		8ED9AA1E1D205F7900ADE34F = {
			isa = PBXGroup;
			children = (
				8ED9AA291D205F7900ADE34F /* Lab05 */,
				8ED9AA281D205F7900ADE34F /* Products */,
			);
			sourceTree = "<group>";
		};
		8ED9AA281D205F7900ADE34F /* Products */ = {
			isa = PBXGroup;
			children = (
				8ED9AA271D205F7900ADE34F /* Lab05.app */,
			);
			name = Products;
			sourceTree = "<group>";
		};
		8ED9AA291D205F7900ADE34F /* Lab05 */ = {
			isa = PBXGroup;
			children = (
				8E4B02411D2064E10050D50B /* Main */,
				8E4B02401D2064D90050D50B /* Controllers */,
				8E4B02421D206A270050D50B /* Cells */,
				8E4B02481D2080B10050D50B /* img */,
				8ED9AA331D205F7900ADE34F /* Main.storyboard */,
				8ED9AA391D205F7900ADE34F /* Assets.xcassets */,
				8ED9AA3B1D205F7900ADE34F /* LaunchScreen.storyboard */,
				8ED9AA3E1D205F7900ADE34F /* Info.plist */,
				8ED9AA361D205F7900ADE34F /* Lab05.xcdatamodeld */,
				8ED9AA2A1D205F7900ADE34F /* Supporting Files */,
			);
			path = Lab05;
			sourceTree = "<group>";
		};
		8ED9AA2A1D205F7900ADE34F /* Supporting Files */ = {
			isa = PBXGroup;
			children = (
				8ED9AA2B1D205F7900ADE34F /* main.m */,
			);
			name = "Supporting Files";
			sourceTree = "<group>";
		};
/* End PBXGroup section */

/* Begin PBXNativeTarget section */
		8ED9AA261D205F7900ADE34F /* Lab05 */ = {
			isa = PBXNativeTarget;
			buildConfigurationList = 8ED9AA411D205F7900ADE34F /* Build configuration list for PBXNativeTarget "Lab05" */;
			buildPhases = (
				8ED9AA231D205F7900ADE34F /* Sources */,
				8ED9AA241D205F7900ADE34F /* Frameworks */,
				8ED9AA251D205F7900ADE34F /* Resources */,
			);
			buildRules = (
			);
			dependencies = (
			);
			name = Lab05;
			productName = Lab05;
			productReference = 8ED9AA271D205F7900ADE34F /* Lab05.app */;
			productType = "com.apple.product-type.application";
		};
/* End PBXNativeTarget section */

/* Begin PBXProject section */
		8ED9AA1F1D205F7900ADE34F /* Project object */ = {
			isa = PBXProject;
			attributes = {
				LastUpgradeCheck = 0730;
				ORGANIZATIONNAME = Philbert;
				TargetAttributes = {
					8ED9AA261D205F7900ADE34F = {
						CreatedOnToolsVersion = 7.3.1;
					};
				};
			};
			buildConfigurationList = 8ED9AA221D205F7900ADE34F /* Build configuration list for PBXProject "Lab05" */;
			compatibilityVersion = "Xcode 3.2";
			developmentRegion = English;
			hasScannedForEncodings = 0;
			knownRegions = (
				en,
				Base,
			);
			mainGroup = 8ED9AA1E1D205F7900ADE34F;
			productRefGroup = 8ED9AA281D205F7900ADE34F /* Products */;
			projectDirPath = "";
			projectRoot = "";
			targets = (
				8ED9AA261D205F7900ADE34F /* Lab05 */,
			);
		};
/* End PBXProject section */

/* Begin PBXResourcesBuildPhase section */
		8ED9AA251D205F7900ADE34F /* Resources */ = {
			isa = PBXResourcesBuildPhase;
			buildActionMask = 2147483647;
			files = (
				4E7986EC1D271F1F003418A5 /* Agu_Asientos.jpg in Resources */,
				4E7987041D271F1F003418A5 /* Zaca_Trancoso.jpg in Resources */,
				4E7987011D271F1F003418A5 /* Sinaloa.jpg in Resources */,
				4E7986F01D271F1F003418A5 /* Chi_Chihuahua.jpg in Resources */,
				4E87E7B61D768F4B002FBF0E /* RinesMotor.jpg in Resources */,
				4E7986FD1D271F1F003418A5 /* Sina_Concordia.jpg in Resources */,
				4E7986F31D271F1F003418A5 /* Chi_Galeana.jpg in Resources */,
				4E7987071D271F1F003418A5 /* Zacatecas.jpg in Resources */,
				4E87E7B81D768FFD002FBF0E /* Accesorios.jpg in Resources */,
				4E7986F91D271F1F003418A5 /* Pue_Tlahuapan.jpg in Resources */,
				4E7986F81D271F1F003418A5 /* Pue_Puebla.jpg in Resources */,
				4E87E7BB1D7698B0002FBF0E /* MeguiarsNXT.jpg in Resources */,
				4E7986F71D271F1F003418A5 /* Pue_Ocotepec.jpg in Resources */,
				4E87E7BC1D7698B0002FBF0E /* OptimumWashWax.jpg in Resources */,
				4E87E7B31D768F4B002FBF0E /* CeraSelladores.jpg in Resources */,
				4E7986FE1D271F1F003418A5 /* Sina_Culiacan.jpg in Resources */,
				4E7986FB1D271F1F003418A5 /* Puebla.jpg in Resources */,
				4E7986EF1D271F1F003418A5 /* Agu_ElLlano.jpg in Resources */,
				4E7986F11D271F1F003418A5 /* Chi_Chinipas.jpg in Resources */,
				4E7987021D271F1F003418A5 /* Zaca_Fresnillo.jpg in Resources */,
				4E7986F61D271F1F003418A5 /* Pue_Acajete.jpg in Resources */,
				8ED9AA3D1D205F7900ADE34F /* LaunchScreen.storyboard in Resources */,
				4E7986F51D271F1F003418A5 /* Chihuahua.jpg in Resources */,
				4E7986FC1D271F1F003418A5 /* Sina_Angostura.jpg in Resources */,
				8ED9AA3A1D205F7900ADE34F /* Assets.xcassets in Resources */,
				8E4B028C1D2095DD0050D50B /* cellMunicipality.xib in Resources */,
				4E87E7B51D768F4B002FBF0E /* Pulido.jpg in Resources */,
				4E7987061D271F1F003418A5 /* Zaca_Zacatecas.jpg in Resources */,
				4E7987051D271F1F003418A5 /* Zaca_VillaHidalgo.jpg in Resources */,
				4E7987031D271F1F003418A5 /* Zaca_Guadalupe.jpg in Resources */,
				4E7986ED1D271F1F003418A5 /* Agu_Calvillo.jpg in Resources */,
				8E4B02471D206A610050D50B /* cellHome.xib in Resources */,
				4E7986FA1D271F1F003418A5 /* Pue_Zacatlan.jpg in Resources */,
				4E87E7B41D768F4B002FBF0E /* LavadoEncerado.jpg in Resources */,
				4E7986F21D271F1F003418A5 /* Chi_Delicias.jpg in Resources */,
				4E7986EE1D271F1F003418A5 /* Agu_Cosio.jpg in Resources */,
				4E7986FF1D271F1F003418A5 /* Sina_Mazatlan.jpg in Resources */,
				4E7987001D271F1F003418A5 /* Sina_Sinaloa.jpg in Resources */,
				8ED9AA351D205F7900ADE34F /* Main.storyboard in Resources */,
				8E4B02671D2080B10050D50B /* Aguascalientes.jpg in Resources */,
				4E7986EB1D271F1F003418A5 /* Agu_Aguascalientes.jpg in Resources */,
				4E7986F41D271F1F003418A5 /* Chi_SantaIsabel.jpg in Resources */,
			);
			runOnlyForDeploymentPostprocessing = 0;
		};
/* End PBXResourcesBuildPhase section */

/* Begin PBXSourcesBuildPhase section */
		8ED9AA231D205F7900ADE34F /* Sources */ = {
			isa = PBXSourcesBuildPhase;
			buildActionMask = 2147483647;
			files = (
				8ED9AA321D205F7900ADE34F /* Home.m in Sources */,
				8ED9AA2F1D205F7900ADE34F /* AppDelegate.m in Sources */,
				8ED9AA381D205F7900ADE34F /* Lab05.xcdatamodeld in Sources */,
				8E4B02461D206A610050D50B /* cellHome.m in Sources */,
				8ED9AA2C1D205F7900ADE34F /* main.m in Sources */,
				8E4B028B1D2095DD0050D50B /* cellMunicipality.m in Sources */,
				8E4B028F1D20B8E00050D50B /* MunicipalityDetails.m in Sources */,
				8E4B02871D208C450050D50B /* StateMunicipality.m in Sources */,
			);
			runOnlyForDeploymentPostprocessing = 0;
		};
/* End PBXSourcesBuildPhase section */

/* Begin PBXVariantGroup section */
		8ED9AA331D205F7900ADE34F /* Main.storyboard */ = {
			isa = PBXVariantGroup;
			children = (
				8ED9AA341D205F7900ADE34F /* Base */,
			);
			name = Main.storyboard;
			sourceTree = "<group>";
		};
		8ED9AA3B1D205F7900ADE34F /* LaunchScreen.storyboard */ = {
			isa = PBXVariantGroup;
			children = (
				8ED9AA3C1D205F7900ADE34F /* Base */,
			);
			name = LaunchScreen.storyboard;
			sourceTree = "<group>";
		};
/* End PBXVariantGroup section */

/* Begin XCBuildConfiguration section */
		8ED9AA3F1D205F7900ADE34F /* Debug */ = {
			isa = XCBuildConfiguration;
			buildSettings = {
				ALWAYS_SEARCH_USER_PATHS = NO;
				CLANG_ANALYZER_NONNULL = YES;
				CLANG_CXX_LANGUAGE_STANDARD = "gnu++0x";
				CLANG_CXX_LIBRARY = "libc++";
				CLANG_ENABLE_MODULES = YES;
				CLANG_ENABLE_OBJC_ARC = YES;
				CLANG_WARN_BOOL_CONVERSION = YES;
				CLANG_WARN_CONSTANT_CONVERSION = YES;
				CLANG_WARN_DIRECT_OBJC_ISA_USAGE = YES_ERROR;
				CLANG_WARN_EMPTY_BODY = YES;
				CLANG_WARN_ENUM_CONVERSION = YES;
				CLANG_WARN_INT_CONVERSION = YES;
				CLANG_WARN_OBJC_ROOT_CLASS = YES_ERROR;
				CLANG_WARN_UNREACHABLE_CODE = YES;
				CLANG_WARN__DUPLICATE_METHOD_MATCH = YES;
				"CODE_SIGN_IDENTITY[sdk=iphoneos*]" = "iPhone Developer";
				COPY_PHASE_STRIP = NO;
				DEBUG_INFORMATION_FORMAT = dwarf;
				ENABLE_STRICT_OBJC_MSGSEND = YES;
				ENABLE_TESTABILITY = YES;
				GCC_C_LANGUAGE_STANDARD = gnu99;
				GCC_DYNAMIC_NO_PIC = NO;
				GCC_NO_COMMON_BLOCKS = YES;
				GCC_OPTIMIZATION_LEVEL = 0;
				GCC_PREPROCESSOR_DEFINITIONS = (
					"DEBUG=1",
					"$(inherited)",
				);
				GCC_WARN_64_TO_32_BIT_CONVERSION = YES;
				GCC_WARN_ABOUT_RETURN_TYPE = YES_ERROR;
				GCC_WARN_UNDECLARED_SELECTOR = YES;
				GCC_WARN_UNINITIALIZED_AUTOS = YES_AGGRESSIVE;
				GCC_WARN_UNUSED_FUNCTION = YES;
				GCC_WARN_UNUSED_VARIABLE = YES;
				IPHONEOS_DEPLOYMENT_TARGET = 9.3;
				MTL_ENABLE_DEBUG_INFO = YES;
				ONLY_ACTIVE_ARCH = YES;
				SDKROOT = iphoneos;
			};
			name = Debug;
		};
		8ED9AA401D205F7900ADE34F /* Release */ = {
			isa = XCBuildConfiguration;
			buildSettings = {
				ALWAYS_SEARCH_USER_PATHS = NO;
				CLANG_ANALYZER_NONNULL = YES;
				CLANG_CXX_LANGUAGE_STANDARD = "gnu++0x";
				CLANG_CXX_LIBRARY = "libc++";
				CLANG_ENABLE_MODULES = YES;
				CLANG_ENABLE_OBJC_ARC = YES;
				CLANG_WARN_BOOL_CONVERSION = YES;
				CLANG_WARN_CONSTANT_CONVERSION = YES;
				CLANG_WARN_DIRECT_OBJC_ISA_USAGE = YES_ERROR;
				CLANG_WARN_EMPTY_BODY = YES;
				CLANG_WARN_ENUM_CONVERSION = YES;
				CLANG_WARN_INT_CONVERSION = YES;
				CLANG_WARN_OBJC_ROOT_CLASS = YES_ERROR;
				CLANG_WARN_UNREACHABLE_CODE = YES;
				CLANG_WARN__DUPLICATE_METHOD_MATCH = YES;
				"CODE_SIGN_IDENTITY[sdk=iphoneos*]" = "iPhone Developer";
				COPY_PHASE_STRIP = NO;
				DEBUG_INFORMATION_FORMAT = "dwarf-with-dsym";
				ENABLE_NS_ASSERTIONS = NO;
				ENABLE_STRICT_OBJC_MSGSEND = YES;
				GCC_C_LANGUAGE_STANDARD = gnu99;
				GCC_NO_COMMON_BLOCKS = YES;
				GCC_WARN_64_TO_32_BIT_CONVERSION = YES;
				GCC_WARN_ABOUT_RETURN_TYPE = YES_ERROR;
				GCC_WARN_UNDECLARED_SELECTOR = YES;
				GCC_WARN_UNINITIALIZED_AUTOS = YES_AGGRESSIVE;
				GCC_WARN_UNUSED_FUNCTION = YES;
				GCC_WARN_UNUSED_VARIABLE = YES;
				IPHONEOS_DEPLOYMENT_TARGET = 9.3;
				MTL_ENABLE_DEBUG_INFO = NO;
				SDKROOT = iphoneos;
				VALIDATE_PRODUCT = YES;
			};
			name = Release;
		};
		8ED9AA421D205F7900ADE34F /* Debug */ = {
			isa = XCBuildConfiguration;
			buildSettings = {
				ASSETCATALOG_COMPILER_APPICON_NAME = AppIcon;
				INFOPLIST_FILE = Lab05/Info.plist;
				LD_RUNPATH_SEARCH_PATHS = "$(inherited) @executable_path/Frameworks";
				PRODUCT_BUNDLE_IDENTIFIER = com.Philbert.Lab05;
				PRODUCT_NAME = "$(TARGET_NAME)";
			};
			name = Debug;
		};
		8ED9AA431D205F7900ADE34F /* Release */ = {
			isa = XCBuildConfiguration;
			buildSettings = {
				ASSETCATALOG_COMPILER_APPICON_NAME = AppIcon;
				INFOPLIST_FILE = Lab05/Info.plist;
				LD_RUNPATH_SEARCH_PATHS = "$(inherited) @executable_path/Frameworks";
				PRODUCT_BUNDLE_IDENTIFIER = com.Philbert.Lab05;
				PRODUCT_NAME = "$(TARGET_NAME)";
			};
			name = Release;
		};
/* End XCBuildConfiguration section */

/* Begin XCConfigurationList section */
		8ED9AA221D205F7900ADE34F /* Build configuration list for PBXProject "Lab05" */ = {
			isa = XCConfigurationList;
			buildConfigurations = (
				8ED9AA3F1D205F7900ADE34F /* Debug */,
				8ED9AA401D205F7900ADE34F /* Release */,
			);
			defaultConfigurationIsVisible = 0;
			defaultConfigurationName = Release;
		};
		8ED9AA411D205F7900ADE34F /* Build configuration list for PBXNativeTarget "Lab05" */ = {
			isa = XCConfigurationList;
			buildConfigurations = (
				8ED9AA421D205F7900ADE34F /* Debug */,
				8ED9AA431D205F7900ADE34F /* Release */,
			);
			defaultConfigurationIsVisible = 0;
			defaultConfigurationName = Release;
		};
/* End XCConfigurationList section */

/* Begin XCVersionGroup section */
		8ED9AA361D205F7900ADE34F /* Lab05.xcdatamodeld */ = {
			isa = XCVersionGroup;
			children = (
				8ED9AA371D205F7900ADE34F /* Lab05.xcdatamodel */,
			);
			currentVersion = 8ED9AA371D205F7900ADE34F /* Lab05.xcdatamodel */;
			path = Lab05.xcdatamodeld;
			sourceTree = "<group>";
			versionGroupType = wrapper.xcdatamodel;
		};
/* End XCVersionGroup section */
	};
	rootObject = 8ED9AA1F1D205F7900ADE34F /* Project object */;
}
