// !$*UTF8*$!
{
	archiveVersion = 1;
	classes = {
	};
	objectVersion = 46;
	objects = {

/* Begin PBXBuildFile section */
		8E4B02461D206A610050D50B /* cellHome.m in Sources */ = {isa = PBXBuildFile; fileRef = 8E4B02441D206A610050D50B /* cellHome.m */; };
		8E4B02471D206A610050D50B /* cellHome.xib in Resources */ = {isa = PBXBuildFile; fileRef = 8E4B02451D206A610050D50B /* cellHome.xib */; };
		8E4B02671D2080B10050D50B /* Aguascalientes.jpg in Resources */ = {isa = PBXBuildFile; fileRef = 8E4B02491D2080B10050D50B /* Aguascalientes.jpg */; };
		8E4B02681D2080B10050D50B /* AguascalientesAguascalientes.jpg in Resources */ = {isa = PBXBuildFile; fileRef = 8E4B024A1D2080B10050D50B /* AguascalientesAguascalientes.jpg */; };
		8E4B02691D2080B10050D50B /* AguCalvillo.jpg in Resources */ = {isa = PBXBuildFile; fileRef = 8E4B024B1D2080B10050D50B /* AguCalvillo.jpg */; };
		8E4B026A1D2080B10050D50B /* AguCosio.jpg in Resources */ = {isa = PBXBuildFile; fileRef = 8E4B024C1D2080B10050D50B /* AguCosio.jpg */; };
		8E4B026B1D2080B10050D50B /* AguSanJoseDeGracia.jpg in Resources */ = {isa = PBXBuildFile; fileRef = 8E4B024D1D2080B10050D50B /* AguSanJoseDeGracia.jpg */; };
		8E4B026C1D2080B10050D50B /* AguTepezala.jpg in Resources */ = {isa = PBXBuildFile; fileRef = 8E4B024E1D2080B10050D50B /* AguTepezala.jpg */; };
		8E4B026D1D2080B10050D50B /* Chiapas.jpg in Resources */ = {isa = PBXBuildFile; fileRef = 8E4B024F1D2080B10050D50B /* Chiapas.jpg */; };
		8E4B026E1D2080B10050D50B /* ChiPalenque.jpg in Resources */ = {isa = PBXBuildFile; fileRef = 8E4B02501D2080B10050D50B /* ChiPalenque.jpg */; };
		8E4B026F1D2080B10050D50B /* ChiSaltoDeAgua.jpg in Resources */ = {isa = PBXBuildFile; fileRef = 8E4B02511D2080B10050D50B /* ChiSaltoDeAgua.jpg */; };
		8E4B02701D2080B10050D50B /* ChiSanCristobalDeLasCasas.jpg in Resources */ = {isa = PBXBuildFile; fileRef = 8E4B02521D2080B10050D50B /* ChiSanCristobalDeLasCasas.jpg */; };
		8E4B02711D2080B10050D50B /* ChiTapachula.jpg in Resources */ = {isa = PBXBuildFile; fileRef = 8E4B02531D2080B10050D50B /* ChiTapachula.jpg */; };
		8E4B02721D2080B10050D50B /* ChiTuxtla.jpg in Resources */ = {isa = PBXBuildFile; fileRef = 8E4B02541D2080B10050D50B /* ChiTuxtla.jpg */; };
		8E4B02731D2080B10050D50B /* JalChapala.jpg in Resources */ = {isa = PBXBuildFile; fileRef = 8E4B02551D2080B10050D50B /* JalChapala.jpg */; };
		8E4B02741D2080B10050D50B /* JalCocula.jpg in Resources */ = {isa = PBXBuildFile; fileRef = 8E4B02561D2080B10050D50B /* JalCocula.jpg */; };
		8E4B02751D2080B10050D50B /* JalGuadalajara.jpg in Resources */ = {isa = PBXBuildFile; fileRef = 8E4B02571D2080B10050D50B /* JalGuadalajara.jpg */; };
		8E4B02761D2080B10050D50B /* Jalisco.jpg in Resources */ = {isa = PBXBuildFile; fileRef = 8E4B02581D2080B10050D50B /* Jalisco.jpg */; };
		8E4B02771D2080B10050D50B /* JalTapalpa.jpg in Resources */ = {isa = PBXBuildFile; fileRef = 8E4B02591D2080B10050D50B /* JalTapalpa.jpg */; };
		8E4B02781D2080B10050D50B /* JalVallarta.jpg in Resources */ = {isa = PBXBuildFile; fileRef = 8E4B025A1D2080B10050D50B /* JalVallarta.jpg */; };
		8E4B02791D2080B10050D50B /* San Luis Potosi.jpg in Resources */ = {isa = PBXBuildFile; fileRef = 8E4B025B1D2080B10050D50B /* San Luis Potosi.jpg */; };
		8E4B027A1D2080B10050D50B /* SLAquismon.jpg in Resources */ = {isa = PBXBuildFile; fileRef = 8E4B025C1D2080B10050D50B /* SLAquismon.jpg */; };
		8E4B027B1D2080B10050D50B /* SLCatorce.jpg in Resources */ = {isa = PBXBuildFile; fileRef = 8E4B025D1D2080B10050D50B /* SLCatorce.jpg */; };
		8E4B027C1D2080B10050D50B /* SLElnaranjo.jpg in Resources */ = {isa = PBXBuildFile; fileRef = 8E4B025E1D2080B10050D50B /* SLElnaranjo.jpg */; };
		8E4B027D1D2080B10050D50B /* SLXilitla.jpg in Resources */ = {isa = PBXBuildFile; fileRef = 8E4B025F1D2080B10050D50B /* SLXilitla.jpg */; };
		8E4B027E1D2080B10050D50B /* SLZaragoza.jpg in Resources */ = {isa = PBXBuildFile; fileRef = 8E4B02601D2080B10050D50B /* SLZaragoza.jpg */; };
		8E4B027F1D2080B10050D50B /* VerAcajete.jpg in Resources */ = {isa = PBXBuildFile; fileRef = 8E4B02611D2080B10050D50B /* VerAcajete.jpg */; };
		8E4B02801D2080B10050D50B /* Veracruz.jpg in Resources */ = {isa = PBXBuildFile; fileRef = 8E4B02621D2080B10050D50B /* Veracruz.jpg */; };
		8E4B02811D2080B10050D50B /* VerAlvarado.jpg in Resources */ = {isa = PBXBuildFile; fileRef = 8E4B02631D2080B10050D50B /* VerAlvarado.jpg */; };
		8E4B02821D2080B10050D50B /* VerApasapan.jpg in Resources */ = {isa = PBXBuildFile; fileRef = 8E4B02641D2080B10050D50B /* VerApasapan.jpg */; };
		8E4B02831D2080B10050D50B /* VerCatemaco.jpg in Resources */ = {isa = PBXBuildFile; fileRef = 8E4B02651D2080B10050D50B /* VerCatemaco.jpg */; };
		8E4B02841D2080B10050D50B /* VerXalapa.jpg in Resources */ = {isa = PBXBuildFile; fileRef = 8E4B02661D2080B10050D50B /* VerXalapa.jpg */; };
		8ED9AA2C1D205F7900ADE34F /* main.m in Sources */ = {isa = PBXBuildFile; fileRef = 8ED9AA2B1D205F7900ADE34F /* main.m */; };
		8ED9AA2F1D205F7900ADE34F /* AppDelegate.m in Sources */ = {isa = PBXBuildFile; fileRef = 8ED9AA2E1D205F7900ADE34F /* AppDelegate.m */; };
		8ED9AA321D205F7900ADE34F /* Home.m in Sources */ = {isa = PBXBuildFile; fileRef = 8ED9AA311D205F7900ADE34F /* Home.m */; };
		8ED9AA351D205F7900ADE34F /* Main.storyboard in Resources */ = {isa = PBXBuildFile; fileRef = 8ED9AA331D205F7900ADE34F /* Main.storyboard */; };
		8ED9AA381D205F7900ADE34F /* Lab05.xcdatamodeld in Sources */ = {isa = PBXBuildFile; fileRef = 8ED9AA361D205F7900ADE34F /* Lab05.xcdatamodeld */; };
		8ED9AA3A1D205F7900ADE34F /* Assets.xcassets in Resources */ = {isa = PBXBuildFile; fileRef = 8ED9AA391D205F7900ADE34F /* Assets.xcassets */; };
		8ED9AA3D1D205F7900ADE34F /* LaunchScreen.storyboard in Resources */ = {isa = PBXBuildFile; fileRef = 8ED9AA3B1D205F7900ADE34F /* LaunchScreen.storyboard */; };
/* End PBXBuildFile section */

/* Begin PBXFileReference section */
		8E4B02431D206A610050D50B /* cellHome.h */ = {isa = PBXFileReference; fileEncoding = 4; lastKnownFileType = sourcecode.c.h; path = cellHome.h; sourceTree = "<group>"; };
		8E4B02441D206A610050D50B /* cellHome.m */ = {isa = PBXFileReference; fileEncoding = 4; lastKnownFileType = sourcecode.c.objc; path = cellHome.m; sourceTree = "<group>"; };
		8E4B02451D206A610050D50B /* cellHome.xib */ = {isa = PBXFileReference; fileEncoding = 4; lastKnownFileType = file.xib; path = cellHome.xib; sourceTree = "<group>"; };
		8E4B02491D2080B10050D50B /* Aguascalientes.jpg */ = {isa = PBXFileReference; lastKnownFileType = image.jpeg; path = Aguascalientes.jpg; sourceTree = "<group>"; };
		8E4B024A1D2080B10050D50B /* AguascalientesAguascalientes.jpg */ = {isa = PBXFileReference; lastKnownFileType = image.jpeg; path = AguascalientesAguascalientes.jpg; sourceTree = "<group>"; };
		8E4B024B1D2080B10050D50B /* AguCalvillo.jpg */ = {isa = PBXFileReference; lastKnownFileType = image.jpeg; path = AguCalvillo.jpg; sourceTree = "<group>"; };
		8E4B024C1D2080B10050D50B /* AguCosio.jpg */ = {isa = PBXFileReference; lastKnownFileType = image.jpeg; path = AguCosio.jpg; sourceTree = "<group>"; };
		8E4B024D1D2080B10050D50B /* AguSanJoseDeGracia.jpg */ = {isa = PBXFileReference; lastKnownFileType = image.jpeg; path = AguSanJoseDeGracia.jpg; sourceTree = "<group>"; };
		8E4B024E1D2080B10050D50B /* AguTepezala.jpg */ = {isa = PBXFileReference; lastKnownFileType = image.jpeg; path = AguTepezala.jpg; sourceTree = "<group>"; };
		8E4B024F1D2080B10050D50B /* Chiapas.jpg */ = {isa = PBXFileReference; lastKnownFileType = image.jpeg; path = Chiapas.jpg; sourceTree = "<group>"; };
		8E4B02501D2080B10050D50B /* ChiPalenque.jpg */ = {isa = PBXFileReference; lastKnownFileType = image.jpeg; path = ChiPalenque.jpg; sourceTree = "<group>"; };
		8E4B02511D2080B10050D50B /* ChiSaltoDeAgua.jpg */ = {isa = PBXFileReference; lastKnownFileType = image.jpeg; path = ChiSaltoDeAgua.jpg; sourceTree = "<group>"; };
		8E4B02521D2080B10050D50B /* ChiSanCristobalDeLasCasas.jpg */ = {isa = PBXFileReference; lastKnownFileType = image.jpeg; path = ChiSanCristobalDeLasCasas.jpg; sourceTree = "<group>"; };
		8E4B02531D2080B10050D50B /* ChiTapachula.jpg */ = {isa = PBXFileReference; lastKnownFileType = image.jpeg; path = ChiTapachula.jpg; sourceTree = "<group>"; };
		8E4B02541D2080B10050D50B /* ChiTuxtla.jpg */ = {isa = PBXFileReference; lastKnownFileType = image.jpeg; path = ChiTuxtla.jpg; sourceTree = "<group>"; };
		8E4B02551D2080B10050D50B /* JalChapala.jpg */ = {isa = PBXFileReference; lastKnownFileType = image.jpeg; path = JalChapala.jpg; sourceTree = "<group>"; };
		8E4B02561D2080B10050D50B /* JalCocula.jpg */ = {isa = PBXFileReference; lastKnownFileType = image.jpeg; path = JalCocula.jpg; sourceTree = "<group>"; };
		8E4B02571D2080B10050D50B /* JalGuadalajara.jpg */ = {isa = PBXFileReference; lastKnownFileType = image.jpeg; path = JalGuadalajara.jpg; sourceTree = "<group>"; };
		8E4B02581D2080B10050D50B /* Jalisco.jpg */ = {isa = PBXFileReference; lastKnownFileType = image.jpeg; path = Jalisco.jpg; sourceTree = "<group>"; };
		8E4B02591D2080B10050D50B /* JalTapalpa.jpg */ = {isa = PBXFileReference; lastKnownFileType = image.jpeg; path = JalTapalpa.jpg; sourceTree = "<group>"; };
		8E4B025A1D2080B10050D50B /* JalVallarta.jpg */ = {isa = PBXFileReference; lastKnownFileType = image.jpeg; path = JalVallarta.jpg; sourceTree = "<group>"; };
		8E4B025B1D2080B10050D50B /* San Luis Potosi.jpg */ = {isa = PBXFileReference; lastKnownFileType = image.jpeg; path = "San Luis Potosi.jpg"; sourceTree = "<group>"; };
		8E4B025C1D2080B10050D50B /* SLAquismon.jpg */ = {isa = PBXFileReference; lastKnownFileType = image.jpeg; path = SLAquismon.jpg; sourceTree = "<group>"; };
		8E4B025D1D2080B10050D50B /* SLCatorce.jpg */ = {isa = PBXFileReference; lastKnownFileType = image.jpeg; path = SLCatorce.jpg; sourceTree = "<group>"; };
		8E4B025E1D2080B10050D50B /* SLElnaranjo.jpg */ = {isa = PBXFileReference; lastKnownFileType = image.jpeg; path = SLElnaranjo.jpg; sourceTree = "<group>"; };
		8E4B025F1D2080B10050D50B /* SLXilitla.jpg */ = {isa = PBXFileReference; lastKnownFileType = image.jpeg; path = SLXilitla.jpg; sourceTree = "<group>"; };
		8E4B02601D2080B10050D50B /* SLZaragoza.jpg */ = {isa = PBXFileReference; lastKnownFileType = image.jpeg; path = SLZaragoza.jpg; sourceTree = "<group>"; };
		8E4B02611D2080B10050D50B /* VerAcajete.jpg */ = {isa = PBXFileReference; lastKnownFileType = image.jpeg; path = VerAcajete.jpg; sourceTree = "<group>"; };
		8E4B02621D2080B10050D50B /* Veracruz.jpg */ = {isa = PBXFileReference; lastKnownFileType = image.jpeg; path = Veracruz.jpg; sourceTree = "<group>"; };
		8E4B02631D2080B10050D50B /* VerAlvarado.jpg */ = {isa = PBXFileReference; lastKnownFileType = image.jpeg; path = VerAlvarado.jpg; sourceTree = "<group>"; };
		8E4B02641D2080B10050D50B /* VerApasapan.jpg */ = {isa = PBXFileReference; lastKnownFileType = image.jpeg; path = VerApasapan.jpg; sourceTree = "<group>"; };
		8E4B02651D2080B10050D50B /* VerCatemaco.jpg */ = {isa = PBXFileReference; lastKnownFileType = image.jpeg; path = VerCatemaco.jpg; sourceTree = "<group>"; };
		8E4B02661D2080B10050D50B /* VerXalapa.jpg */ = {isa = PBXFileReference; lastKnownFileType = image.jpeg; path = VerXalapa.jpg; sourceTree = "<group>"; };
		8ED9AA271D205F7900ADE34F /* Lab05.app */ = {isa = PBXFileReference; explicitFileType = wrapper.application; includeInIndex = 0; path = Lab05.app; sourceTree = BUILT_PRODUCTS_DIR; };
		8ED9AA2B1D205F7900ADE34F /* main.m */ = {isa = PBXFileReference; lastKnownFileType = sourcecode.c.objc; path = main.m; sourceTree = "<group>"; };
		8ED9AA2D1D205F7900ADE34F /* AppDelegate.h */ = {isa = PBXFileReference; lastKnownFileType = sourcecode.c.h; path = AppDelegate.h; sourceTree = "<group>"; };
		8ED9AA2E1D205F7900ADE34F /* AppDelegate.m */ = {isa = PBXFileReference; lastKnownFileType = sourcecode.c.objc; path = AppDelegate.m; sourceTree = "<group>"; };
		8ED9AA301D205F7900ADE34F /* Home.h */ = {isa = PBXFileReference; lastKnownFileType = sourcecode.c.h; path = Home.h; sourceTree = "<group>"; };
		8ED9AA311D205F7900ADE34F /* Home.m */ = {isa = PBXFileReference; lastKnownFileType = sourcecode.c.objc; path = Home.m; sourceTree = "<group>"; };
		8ED9AA341D205F7900ADE34F /* Base */ = {isa = PBXFileReference; lastKnownFileType = file.storyboard; name = Base; path = Base.lproj/Main.storyboard; sourceTree = "<group>"; };
		8ED9AA371D205F7900ADE34F /* Lab05.xcdatamodel */ = {isa = PBXFileReference; lastKnownFileType = wrapper.xcdatamodel; path = Lab05.xcdatamodel; sourceTree = "<group>"; };
		8ED9AA391D205F7900ADE34F /* Assets.xcassets */ = {isa = PBXFileReference; lastKnownFileType = folder.assetcatalog; path = Assets.xcassets; sourceTree = "<group>"; };
		8ED9AA3C1D205F7900ADE34F /* Base */ = {isa = PBXFileReference; lastKnownFileType = file.storyboard; name = Base; path = Base.lproj/LaunchScreen.storyboard; sourceTree = "<group>"; };
		8ED9AA3E1D205F7900ADE34F /* Info.plist */ = {isa = PBXFileReference; lastKnownFileType = text.plist.xml; path = Info.plist; sourceTree = "<group>"; };
/* End PBXFileReference section */

/* Begin PBXFrameworksBuildPhase section */
		8ED9AA241D205F7900ADE34F /* Frameworks */ = {
			isa = PBXFrameworksBuildPhase;
			buildActionMask = 2147483647;
			files = (
			);
			runOnlyForDeploymentPostprocessing = 0;
		};
/* End PBXFrameworksBuildPhase section */

/* Begin PBXGroup section */
		8E4B02401D2064D90050D50B /* Controllers */ = {
			isa = PBXGroup;
			children = (
				8ED9AA301D205F7900ADE34F /* Home.h */,
				8ED9AA311D205F7900ADE34F /* Home.m */,
			);
			name = Controllers;
			sourceTree = "<group>";
		};
		8E4B02411D2064E10050D50B /* Main */ = {
			isa = PBXGroup;
			children = (
				8ED9AA2D1D205F7900ADE34F /* AppDelegate.h */,
				8ED9AA2E1D205F7900ADE34F /* AppDelegate.m */,
			);
			name = Main;
			sourceTree = "<group>";
		};
		8E4B02421D206A270050D50B /* Cells */ = {
			isa = PBXGroup;
			children = (
				8E4B02431D206A610050D50B /* cellHome.h */,
				8E4B02441D206A610050D50B /* cellHome.m */,
				8E4B02451D206A610050D50B /* cellHome.xib */,
			);
			name = Cells;
			sourceTree = "<group>";
		};
		8E4B02481D2080B10050D50B /* img */ = {
			isa = PBXGroup;
			children = (
				8E4B02491D2080B10050D50B /* Aguascalientes.jpg */,
				8E4B024A1D2080B10050D50B /* AguascalientesAguascalientes.jpg */,
				8E4B024B1D2080B10050D50B /* AguCalvillo.jpg */,
				8E4B024C1D2080B10050D50B /* AguCosio.jpg */,
				8E4B024D1D2080B10050D50B /* AguSanJoseDeGracia.jpg */,
				8E4B024E1D2080B10050D50B /* AguTepezala.jpg */,
				8E4B024F1D2080B10050D50B /* Chiapas.jpg */,
				8E4B02501D2080B10050D50B /* ChiPalenque.jpg */,
				8E4B02511D2080B10050D50B /* ChiSaltoDeAgua.jpg */,
				8E4B02521D2080B10050D50B /* ChiSanCristobalDeLasCasas.jpg */,
				8E4B02531D2080B10050D50B /* ChiTapachula.jpg */,
				8E4B02541D2080B10050D50B /* ChiTuxtla.jpg */,
				8E4B02551D2080B10050D50B /* JalChapala.jpg */,
				8E4B02561D2080B10050D50B /* JalCocula.jpg */,
				8E4B02571D2080B10050D50B /* JalGuadalajara.jpg */,
				8E4B02581D2080B10050D50B /* Jalisco.jpg */,
				8E4B02591D2080B10050D50B /* JalTapalpa.jpg */,
				8E4B025A1D2080B10050D50B /* JalVallarta.jpg */,
				8E4B025B1D2080B10050D50B /* San Luis Potosi.jpg */,
				8E4B025C1D2080B10050D50B /* SLAquismon.jpg */,
				8E4B025D1D2080B10050D50B /* SLCatorce.jpg */,
				8E4B025E1D2080B10050D50B /* SLElnaranjo.jpg */,
				8E4B025F1D2080B10050D50B /* SLXilitla.jpg */,
				8E4B02601D2080B10050D50B /* SLZaragoza.jpg */,
				8E4B02611D2080B10050D50B /* VerAcajete.jpg */,
				8E4B02621D2080B10050D50B /* Veracruz.jpg */,
				8E4B02631D2080B10050D50B /* VerAlvarado.jpg */,
				8E4B02641D2080B10050D50B /* VerApasapan.jpg */,
				8E4B02651D2080B10050D50B /* VerCatemaco.jpg */,
				8E4B02661D2080B10050D50B /* VerXalapa.jpg */,
			);
			path = img;
			sourceTree = "<group>";
		};
		8ED9AA1E1D205F7900ADE34F = {
			isa = PBXGroup;
			children = (
				8ED9AA291D205F7900ADE34F /* Lab05 */,
				8ED9AA281D205F7900ADE34F /* Products */,
			);
			sourceTree = "<group>";
		};
		8ED9AA281D205F7900ADE34F /* Products */ = {
			isa = PBXGroup;
			children = (
				8ED9AA271D205F7900ADE34F /* Lab05.app */,
			);
			name = Products;
			sourceTree = "<group>";
		};
		8ED9AA291D205F7900ADE34F /* Lab05 */ = {
			isa = PBXGroup;
			children = (
				8E4B02481D2080B10050D50B /* img */,
				8E4B02421D206A270050D50B /* Cells */,
				8E4B02411D2064E10050D50B /* Main */,
				8E4B02401D2064D90050D50B /* Controllers */,
				8ED9AA331D205F7900ADE34F /* Main.storyboard */,
				8ED9AA391D205F7900ADE34F /* Assets.xcassets */,
				8ED9AA3B1D205F7900ADE34F /* LaunchScreen.storyboard */,
				8ED9AA3E1D205F7900ADE34F /* Info.plist */,
				8ED9AA361D205F7900ADE34F /* Lab05.xcdatamodeld */,
				8ED9AA2A1D205F7900ADE34F /* Supporting Files */,
			);
			path = Lab05;
			sourceTree = "<group>";
		};
		8ED9AA2A1D205F7900ADE34F /* Supporting Files */ = {
			isa = PBXGroup;
			children = (
				8ED9AA2B1D205F7900ADE34F /* main.m */,
			);
			name = "Supporting Files";
			sourceTree = "<group>";
		};
/* End PBXGroup section */

/* Begin PBXNativeTarget section */
		8ED9AA261D205F7900ADE34F /* Lab05 */ = {
			isa = PBXNativeTarget;
			buildConfigurationList = 8ED9AA411D205F7900ADE34F /* Build configuration list for PBXNativeTarget "Lab05" */;
			buildPhases = (
				8ED9AA231D205F7900ADE34F /* Sources */,
				8ED9AA241D205F7900ADE34F /* Frameworks */,
				8ED9AA251D205F7900ADE34F /* Resources */,
			);
			buildRules = (
			);
			dependencies = (
			);
			name = Lab05;
			productName = Lab05;
			productReference = 8ED9AA271D205F7900ADE34F /* Lab05.app */;
			productType = "com.apple.product-type.application";
		};
/* End PBXNativeTarget section */

/* Begin PBXProject section */
		8ED9AA1F1D205F7900ADE34F /* Project object */ = {
			isa = PBXProject;
			attributes = {
				LastUpgradeCheck = 0730;
				ORGANIZATIONNAME = Philbert;
				TargetAttributes = {
					8ED9AA261D205F7900ADE34F = {
						CreatedOnToolsVersion = 7.3.1;
					};
				};
			};
			buildConfigurationList = 8ED9AA221D205F7900ADE34F /* Build configuration list for PBXProject "Lab05" */;
			compatibilityVersion = "Xcode 3.2";
			developmentRegion = English;
			hasScannedForEncodings = 0;
			knownRegions = (
				en,
				Base,
			);
			mainGroup = 8ED9AA1E1D205F7900ADE34F;
			productRefGroup = 8ED9AA281D205F7900ADE34F /* Products */;
			projectDirPath = "";
			projectRoot = "";
			targets = (
				8ED9AA261D205F7900ADE34F /* Lab05 */,
			);
		};
/* End PBXProject section */

/* Begin PBXResourcesBuildPhase section */
		8ED9AA251D205F7900ADE34F /* Resources */ = {
			isa = PBXResourcesBuildPhase;
			buildActionMask = 2147483647;
			files = (
				8E4B02791D2080B10050D50B /* San Luis Potosi.jpg in Resources */,
				8E4B02681D2080B10050D50B /* AguascalientesAguascalientes.jpg in Resources */,
				8E4B026E1D2080B10050D50B /* ChiPalenque.jpg in Resources */,
				8E4B02811D2080B10050D50B /* VerAlvarado.jpg in Resources */,
				8E4B02741D2080B10050D50B /* JalCocula.jpg in Resources */,
				8E4B02721D2080B10050D50B /* ChiTuxtla.jpg in Resources */,
				8E4B02781D2080B10050D50B /* JalVallarta.jpg in Resources */,
				8E4B02771D2080B10050D50B /* JalTapalpa.jpg in Resources */,
				8E4B02801D2080B10050D50B /* Veracruz.jpg in Resources */,
				8E4B02751D2080B10050D50B /* JalGuadalajara.jpg in Resources */,
				8E4B027F1D2080B10050D50B /* VerAcajete.jpg in Resources */,
				8E4B02831D2080B10050D50B /* VerCatemaco.jpg in Resources */,
				8E4B026F1D2080B10050D50B /* ChiSaltoDeAgua.jpg in Resources */,
				8E4B027A1D2080B10050D50B /* SLAquismon.jpg in Resources */,
				8ED9AA3D1D205F7900ADE34F /* LaunchScreen.storyboard in Resources */,
				8E4B027B1D2080B10050D50B /* SLCatorce.jpg in Resources */,
				8ED9AA3A1D205F7900ADE34F /* Assets.xcassets in Resources */,
				8E4B02821D2080B10050D50B /* VerApasapan.jpg in Resources */,
				8E4B02841D2080B10050D50B /* VerXalapa.jpg in Resources */,
				8E4B02731D2080B10050D50B /* JalChapala.jpg in Resources */,
				8E4B02701D2080B10050D50B /* ChiSanCristobalDeLasCasas.jpg in Resources */,
				8E4B02471D206A610050D50B /* cellHome.xib in Resources */,
				8E4B026D1D2080B10050D50B /* Chiapas.jpg in Resources */,
				8E4B02691D2080B10050D50B /* AguCalvillo.jpg in Resources */,
				8E4B026A1D2080B10050D50B /* AguCosio.jpg in Resources */,
				8E4B027E1D2080B10050D50B /* SLZaragoza.jpg in Resources */,
				8E4B027C1D2080B10050D50B /* SLElnaranjo.jpg in Resources */,
				8ED9AA351D205F7900ADE34F /* Main.storyboard in Resources */,
				8E4B02671D2080B10050D50B /* Aguascalientes.jpg in Resources */,
				8E4B027D1D2080B10050D50B /* SLXilitla.jpg in Resources */,
				8E4B026B1D2080B10050D50B /* AguSanJoseDeGracia.jpg in Resources */,
				8E4B02711D2080B10050D50B /* ChiTapachula.jpg in Resources */,
				8E4B026C1D2080B10050D50B /* AguTepezala.jpg in Resources */,
				8E4B02761D2080B10050D50B /* Jalisco.jpg in Resources */,
			);
			runOnlyForDeploymentPostprocessing = 0;
		};
/* End PBXResourcesBuildPhase section */

/* Begin PBXSourcesBuildPhase section */
		8ED9AA231D205F7900ADE34F /* Sources */ = {
			isa = PBXSourcesBuildPhase;
			buildActionMask = 2147483647;
			files = (
				8ED9AA321D205F7900ADE34F /* Home.m in Sources */,
				8ED9AA2F1D205F7900ADE34F /* AppDelegate.m in Sources */,
				8ED9AA381D205F7900ADE34F /* Lab05.xcdatamodeld in Sources */,
				8E4B02461D206A610050D50B /* cellHome.m in Sources */,
				8ED9AA2C1D205F7900ADE34F /* main.m in Sources */,
			);
			runOnlyForDeploymentPostprocessing = 0;
		};
/* End PBXSourcesBuildPhase section */

/* Begin PBXVariantGroup section */
		8ED9AA331D205F7900ADE34F /* Main.storyboard */ = {
			isa = PBXVariantGroup;
			children = (
				8ED9AA341D205F7900ADE34F /* Base */,
			);
			name = Main.storyboard;
			sourceTree = "<group>";
		};
		8ED9AA3B1D205F7900ADE34F /* LaunchScreen.storyboard */ = {
			isa = PBXVariantGroup;
			children = (
				8ED9AA3C1D205F7900ADE34F /* Base */,
			);
			name = LaunchScreen.storyboard;
			sourceTree = "<group>";
		};
/* End PBXVariantGroup section */

/* Begin XCBuildConfiguration section */
		8ED9AA3F1D205F7900ADE34F /* Debug */ = {
			isa = XCBuildConfiguration;
			buildSettings = {
				ALWAYS_SEARCH_USER_PATHS = NO;
				CLANG_ANALYZER_NONNULL = YES;
				CLANG_CXX_LANGUAGE_STANDARD = "gnu++0x";
				CLANG_CXX_LIBRARY = "libc++";
				CLANG_ENABLE_MODULES = YES;
				CLANG_ENABLE_OBJC_ARC = YES;
				CLANG_WARN_BOOL_CONVERSION = YES;
				CLANG_WARN_CONSTANT_CONVERSION = YES;
				CLANG_WARN_DIRECT_OBJC_ISA_USAGE = YES_ERROR;
				CLANG_WARN_EMPTY_BODY = YES;
				CLANG_WARN_ENUM_CONVERSION = YES;
				CLANG_WARN_INT_CONVERSION = YES;
				CLANG_WARN_OBJC_ROOT_CLASS = YES_ERROR;
				CLANG_WARN_UNREACHABLE_CODE = YES;
				CLANG_WARN__DUPLICATE_METHOD_MATCH = YES;
				"CODE_SIGN_IDENTITY[sdk=iphoneos*]" = "iPhone Developer";
				COPY_PHASE_STRIP = NO;
				DEBUG_INFORMATION_FORMAT = dwarf;
				ENABLE_STRICT_OBJC_MSGSEND = YES;
				ENABLE_TESTABILITY = YES;
				GCC_C_LANGUAGE_STANDARD = gnu99;
				GCC_DYNAMIC_NO_PIC = NO;
				GCC_NO_COMMON_BLOCKS = YES;
				GCC_OPTIMIZATION_LEVEL = 0;
				GCC_PREPROCESSOR_DEFINITIONS = (
					"DEBUG=1",
					"$(inherited)",
				);
				GCC_WARN_64_TO_32_BIT_CONVERSION = YES;
				GCC_WARN_ABOUT_RETURN_TYPE = YES_ERROR;
				GCC_WARN_UNDECLARED_SELECTOR = YES;
				GCC_WARN_UNINITIALIZED_AUTOS = YES_AGGRESSIVE;
				GCC_WARN_UNUSED_FUNCTION = YES;
				GCC_WARN_UNUSED_VARIABLE = YES;
				IPHONEOS_DEPLOYMENT_TARGET = 9.3;
				MTL_ENABLE_DEBUG_INFO = YES;
				ONLY_ACTIVE_ARCH = YES;
				SDKROOT = iphoneos;
			};
			name = Debug;
		};
		8ED9AA401D205F7900ADE34F /* Release */ = {
			isa = XCBuildConfiguration;
			buildSettings = {
				ALWAYS_SEARCH_USER_PATHS = NO;
				CLANG_ANALYZER_NONNULL = YES;
				CLANG_CXX_LANGUAGE_STANDARD = "gnu++0x";
				CLANG_CXX_LIBRARY = "libc++";
				CLANG_ENABLE_MODULES = YES;
				CLANG_ENABLE_OBJC_ARC = YES;
				CLANG_WARN_BOOL_CONVERSION = YES;
				CLANG_WARN_CONSTANT_CONVERSION = YES;
				CLANG_WARN_DIRECT_OBJC_ISA_USAGE = YES_ERROR;
				CLANG_WARN_EMPTY_BODY = YES;
				CLANG_WARN_ENUM_CONVERSION = YES;
				CLANG_WARN_INT_CONVERSION = YES;
				CLANG_WARN_OBJC_ROOT_CLASS = YES_ERROR;
				CLANG_WARN_UNREACHABLE_CODE = YES;
				CLANG_WARN__DUPLICATE_METHOD_MATCH = YES;
				"CODE_SIGN_IDENTITY[sdk=iphoneos*]" = "iPhone Developer";
				COPY_PHASE_STRIP = NO;
				DEBUG_INFORMATION_FORMAT = "dwarf-with-dsym";
				ENABLE_NS_ASSERTIONS = NO;
				ENABLE_STRICT_OBJC_MSGSEND = YES;
				GCC_C_LANGUAGE_STANDARD = gnu99;
				GCC_NO_COMMON_BLOCKS = YES;
				GCC_WARN_64_TO_32_BIT_CONVERSION = YES;
				GCC_WARN_ABOUT_RETURN_TYPE = YES_ERROR;
				GCC_WARN_UNDECLARED_SELECTOR = YES;
				GCC_WARN_UNINITIALIZED_AUTOS = YES_AGGRESSIVE;
				GCC_WARN_UNUSED_FUNCTION = YES;
				GCC_WARN_UNUSED_VARIABLE = YES;
				IPHONEOS_DEPLOYMENT_TARGET = 9.3;
				MTL_ENABLE_DEBUG_INFO = NO;
				SDKROOT = iphoneos;
				VALIDATE_PRODUCT = YES;
			};
			name = Release;
		};
		8ED9AA421D205F7900ADE34F /* Debug */ = {
			isa = XCBuildConfiguration;
			buildSettings = {
				ASSETCATALOG_COMPILER_APPICON_NAME = AppIcon;
				INFOPLIST_FILE = Lab05/Info.plist;
				LD_RUNPATH_SEARCH_PATHS = "$(inherited) @executable_path/Frameworks";
				PRODUCT_BUNDLE_IDENTIFIER = com.Philbert.Lab05;
				PRODUCT_NAME = "$(TARGET_NAME)";
			};
			name = Debug;
		};
		8ED9AA431D205F7900ADE34F /* Release */ = {
			isa = XCBuildConfiguration;
			buildSettings = {
				ASSETCATALOG_COMPILER_APPICON_NAME = AppIcon;
				INFOPLIST_FILE = Lab05/Info.plist;
				LD_RUNPATH_SEARCH_PATHS = "$(inherited) @executable_path/Frameworks";
				PRODUCT_BUNDLE_IDENTIFIER = com.Philbert.Lab05;
				PRODUCT_NAME = "$(TARGET_NAME)";
			};
			name = Release;
		};
/* End XCBuildConfiguration section */

/* Begin XCConfigurationList section */
		8ED9AA221D205F7900ADE34F /* Build configuration list for PBXProject "Lab05" */ = {
			isa = XCConfigurationList;
			buildConfigurations = (
				8ED9AA3F1D205F7900ADE34F /* Debug */,
				8ED9AA401D205F7900ADE34F /* Release */,
			);
			defaultConfigurationIsVisible = 0;
			defaultConfigurationName = Release;
		};
		8ED9AA411D205F7900ADE34F /* Build configuration list for PBXNativeTarget "Lab05" */ = {
			isa = XCConfigurationList;
			buildConfigurations = (
				8ED9AA421D205F7900ADE34F /* Debug */,
				8ED9AA431D205F7900ADE34F /* Release */,
			);
			defaultConfigurationIsVisible = 0;
			defaultConfigurationName = Release;
		};
/* End XCConfigurationList section */

/* Begin XCVersionGroup section */
		8ED9AA361D205F7900ADE34F /* Lab05.xcdatamodeld */ = {
			isa = XCVersionGroup;
			children = (
				8ED9AA371D205F7900ADE34F /* Lab05.xcdatamodel */,
			);
			currentVersion = 8ED9AA371D205F7900ADE34F /* Lab05.xcdatamodel */;
			path = Lab05.xcdatamodeld;
			sourceTree = "<group>";
			versionGroupType = wrapper.xcdatamodel;
		};
/* End XCVersionGroup section */
	};
	rootObject = 8ED9AA1F1D205F7900ADE34F /* Project object */;
}
